
Microsoft Visual Studio Solution File, Format Version 12.00
# Visual Studio 15
Project("{FAE04EC0-301F-11D3-BF4B-00C04F79EFBC}") = "Assembly-CSharp", "Assembly-CSharp.csproj", "{099AE7A3-CFC8-B73D-876A-16F851BFC226}"
EndProject
Project("{FAE04EC0-301F-11D3-BF4B-00C04F79EFBC}") = "Assembly-CSharp-firstpass", "Assembly-CSharp-firstpass.csproj", "{42418AB4-7157-37AA-D538-B6386A5D5E36}"
EndProject
Project("{FAE04EC0-301F-11D3-BF4B-00C04F79EFBC}") = "Assembly-CSharp-Editor", "Assembly-CSharp-Editor.csproj", "{AAEBF3F3-F41E-63B1-D4C9-2833FC6F9C8F}"
EndProject
Global
	GlobalSection(SolutionConfigurationPlatforms) = preSolution
		Debug|Any CPU = Debug|Any CPU
		Release|Any CPU = Release|Any CPU
	EndGlobalSection
	GlobalSection(ProjectConfigurationPlatforms) = postSolution
		{099AE7A3-CFC8-B73D-876A-16F851BFC226}.Debug|Any CPU.ActiveCfg = Debug|Any CPU
		{099AE7A3-CFC8-B73D-876A-16F851BFC226}.Debug|Any CPU.Build.0 = Debug|Any CPU
		{099AE7A3-CFC8-B73D-876A-16F851BFC226}.Release|Any CPU.ActiveCfg = Release|Any CPU
		{099AE7A3-CFC8-B73D-876A-16F851BFC226}.Release|Any CPU.Build.0 = Release|Any CPU
		{42418AB4-7157-37AA-D538-B6386A5D5E36}.Debug|Any CPU.ActiveCfg = Debug|Any CPU
		{42418AB4-7157-37AA-D538-B6386A5D5E36}.Debug|Any CPU.Build.0 = Debug|Any CPU
		{42418AB4-7157-37AA-D538-B6386A5D5E36}.Release|Any CPU.ActiveCfg = Release|Any CPU
		{42418AB4-7157-37AA-D538-B6386A5D5E36}.Release|Any CPU.Build.0 = Release|Any CPU
		{AAEBF3F3-F41E-63B1-D4C9-2833FC6F9C8F}.Debug|Any CPU.ActiveCfg = Debug|Any CPU
		{AAEBF3F3-F41E-63B1-D4C9-2833FC6F9C8F}.Debug|Any CPU.Build.0 = Debug|Any CPU
		{AAEBF3F3-F41E-63B1-D4C9-2833FC6F9C8F}.Release|Any CPU.ActiveCfg = Release|Any CPU
		{AAEBF3F3-F41E-63B1-D4C9-2833FC6F9C8F}.Release|Any CPU.Build.0 = Release|Any CPU
	EndGlobalSection
	GlobalSection(SolutionProperties) = preSolution
		HideSolutionNode = FALSE
	EndGlobalSection
EndGlobal
