
Microsoft Visual Studio Solution File, Format Version 11.00
# Visual Studio 2010
Project("{FAE04EC0-301F-11D3-BF4B-00C04F79EFBC}") = "Assembly-CSharp", "Assembly-CSharp.csproj", "{C28CE41B-3D72-ABF8-9F4A-B01151C3B84E}"
EndProject
Project("{FAE04EC0-301F-11D3-BF4B-00C04F79EFBC}") = "Assembly-CSharp-firstpass", "Assembly-CSharp-firstpass.csproj", "{F86DCF1F-C64A-24AF-3D85-9707CCBACC91}"
EndProject
Project("{FAE04EC0-301F-11D3-BF4B-00C04F79EFBC}") = "Assembly-CSharp-Editor", "Assembly-CSharp-Editor.csproj", "{DFC38CE5-23A3-F2F6-85C2-5C1550121E93}"
EndProject
Global
	GlobalSection(SolutionConfigurationPlatforms) = preSolution
		Debug|Any CPU = Debug|Any CPU
		Release|Any CPU = Release|Any CPU
	EndGlobalSection
	GlobalSection(ProjectConfigurationPlatforms) = postSolution
		{C28CE41B-3D72-ABF8-9F4A-B01151C3B84E}.Debug|Any CPU.ActiveCfg = Debug|Any CPU
		{C28CE41B-3D72-ABF8-9F4A-B01151C3B84E}.Debug|Any CPU.Build.0 = Debug|Any CPU
		{C28CE41B-3D72-ABF8-9F4A-B01151C3B84E}.Release|Any CPU.ActiveCfg = Release|Any CPU
		{C28CE41B-3D72-ABF8-9F4A-B01151C3B84E}.Release|Any CPU.Build.0 = Release|Any CPU
		{F86DCF1F-C64A-24AF-3D85-9707CCBACC91}.Debug|Any CPU.ActiveCfg = Debug|Any CPU
		{F86DCF1F-C64A-24AF-3D85-9707CCBACC91}.Debug|Any CPU.Build.0 = Debug|Any CPU
		{F86DCF1F-C64A-24AF-3D85-9707CCBACC91}.Release|Any CPU.ActiveCfg = Release|Any CPU
		{F86DCF1F-C64A-24AF-3D85-9707CCBACC91}.Release|Any CPU.Build.0 = Release|Any CPU
		{DFC38CE5-23A3-F2F6-85C2-5C1550121E93}.Debug|Any CPU.ActiveCfg = Debug|Any CPU
		{DFC38CE5-23A3-F2F6-85C2-5C1550121E93}.Debug|Any CPU.Build.0 = Debug|Any CPU
		{DFC38CE5-23A3-F2F6-85C2-5C1550121E93}.Release|Any CPU.ActiveCfg = Release|Any CPU
		{DFC38CE5-23A3-F2F6-85C2-5C1550121E93}.Release|Any CPU.Build.0 = Release|Any CPU
	EndGlobalSection
	GlobalSection(SolutionProperties) = preSolution
		HideSolutionNode = FALSE
	EndGlobalSection
EndGlobal
